
Microsoft Visual Studio Solution File, Format Version 12.00
# Visual Studio 15
VisualStudioVersion = 15.0.27130.2026
MinimumVisualStudioVersion = 10.0.40219.1
Project("{FAE04EC0-301F-11D3-BF4B-00C04F79EFBC}") = "Task1", "Task1\Task1.csproj", "{E0D213C1-FADF-4B8C-898A-C6F3276D9667}"
EndProject
Project("{FAE04EC0-301F-11D3-BF4B-00C04F79EFBC}") = "LibraryTestValues", "TestValues\LibraryTestValues.csproj", "{61B66226-E472-45A3-B97D-F491597E6043}"
EndProject
Project("{FAE04EC0-301F-11D3-BF4B-00C04F79EFBC}") = "Task2", "Task2\Task2.csproj", "{23A09D8A-13F4-4029-97E9-0E1F8F824B73}"
EndProject
Project("{FAE04EC0-301F-11D3-BF4B-00C04F79EFBC}") = "Task3", "Task3\Task3.csproj", "{CD2FD055-FC48-4038-B988-B48BE6BD8BE0}"
EndProject
Project("{FAE04EC0-301F-11D3-BF4B-00C04F79EFBC}") = "FigureLibrary", "FigureLibrary\FigureLibrary.csproj", "{31E857BB-9945-4839-80EC-0B2F8CA25101}"
EndProject
Global
	GlobalSection(SolutionConfigurationPlatforms) = preSolution
		Debug|Any CPU = Debug|Any CPU
		Release|Any CPU = Release|Any CPU
	EndGlobalSection
	GlobalSection(ProjectConfigurationPlatforms) = postSolution
		{E0D213C1-FADF-4B8C-898A-C6F3276D9667}.Debug|Any CPU.ActiveCfg = Debug|Any CPU
		{E0D213C1-FADF-4B8C-898A-C6F3276D9667}.Debug|Any CPU.Build.0 = Debug|Any CPU
		{E0D213C1-FADF-4B8C-898A-C6F3276D9667}.Release|Any CPU.ActiveCfg = Release|Any CPU
		{E0D213C1-FADF-4B8C-898A-C6F3276D9667}.Release|Any CPU.Build.0 = Release|Any CPU
		{61B66226-E472-45A3-B97D-F491597E6043}.Debug|Any CPU.ActiveCfg = Debug|Any CPU
		{61B66226-E472-45A3-B97D-F491597E6043}.Debug|Any CPU.Build.0 = Debug|Any CPU
		{61B66226-E472-45A3-B97D-F491597E6043}.Release|Any CPU.ActiveCfg = Release|Any CPU
		{61B66226-E472-45A3-B97D-F491597E6043}.Release|Any CPU.Build.0 = Release|Any CPU
		{23A09D8A-13F4-4029-97E9-0E1F8F824B73}.Debug|Any CPU.ActiveCfg = Debug|Any CPU
		{23A09D8A-13F4-4029-97E9-0E1F8F824B73}.Debug|Any CPU.Build.0 = Debug|Any CPU
		{23A09D8A-13F4-4029-97E9-0E1F8F824B73}.Release|Any CPU.ActiveCfg = Release|Any CPU
		{23A09D8A-13F4-4029-97E9-0E1F8F824B73}.Release|Any CPU.Build.0 = Release|Any CPU
		{CD2FD055-FC48-4038-B988-B48BE6BD8BE0}.Debug|Any CPU.ActiveCfg = Debug|Any CPU
		{CD2FD055-FC48-4038-B988-B48BE6BD8BE0}.Debug|Any CPU.Build.0 = Debug|Any CPU
		{CD2FD055-FC48-4038-B988-B48BE6BD8BE0}.Release|Any CPU.ActiveCfg = Release|Any CPU
		{CD2FD055-FC48-4038-B988-B48BE6BD8BE0}.Release|Any CPU.Build.0 = Release|Any CPU
		{31E857BB-9945-4839-80EC-0B2F8CA25101}.Debug|Any CPU.ActiveCfg = Debug|Any CPU
		{31E857BB-9945-4839-80EC-0B2F8CA25101}.Debug|Any CPU.Build.0 = Debug|Any CPU
		{31E857BB-9945-4839-80EC-0B2F8CA25101}.Release|Any CPU.ActiveCfg = Release|Any CPU
		{31E857BB-9945-4839-80EC-0B2F8CA25101}.Release|Any CPU.Build.0 = Release|Any CPU
	EndGlobalSection
	GlobalSection(SolutionProperties) = preSolution
		HideSolutionNode = FALSE
	EndGlobalSection
	GlobalSection(ExtensibilityGlobals) = postSolution
		SolutionGuid = {F700C22A-EE8B-4CBE-BFCD-6F79DE681DA5}
	EndGlobalSection
EndGlobal
