
Microsoft Visual Studio Solution File, Format Version 12.00
# Visual Studio 15
VisualStudioVersion = 15.0.27130.2026
MinimumVisualStudioVersion = 10.0.40219.1
Project("{FAE04EC0-301F-11D3-BF4B-00C04F79EFBC}") = "Task3", "Task3\Task3.csproj", "{8E7D4B93-2333-4303-9ED1-DFCA314902D2}"
EndProject
Project("{FAE04EC0-301F-11D3-BF4B-00C04F79EFBC}") = "Task2", "Task2\Task2.csproj", "{35D55EDA-8310-4A98-92E1-5CA86087AFCE}"
EndProject
Project("{FAE04EC0-301F-11D3-BF4B-00C04F79EFBC}") = "Task1", "Task1\Task1.csproj", "{31F69DA4-1AC8-4664-8612-E5E93E09154B}"
EndProject
Project("{FAE04EC0-301F-11D3-BF4B-00C04F79EFBC}") = "Task4", "Task4\Task4.csproj", "{42362640-E1B1-44A0-9B8E-45D5A15DC75E}"
EndProject
Global
	GlobalSection(SolutionConfigurationPlatforms) = preSolution
		Debug|Any CPU = Debug|Any CPU
		Release|Any CPU = Release|Any CPU
	EndGlobalSection
	GlobalSection(ProjectConfigurationPlatforms) = postSolution
		{8E7D4B93-2333-4303-9ED1-DFCA314902D2}.Debug|Any CPU.ActiveCfg = Debug|Any CPU
		{8E7D4B93-2333-4303-9ED1-DFCA314902D2}.Debug|Any CPU.Build.0 = Debug|Any CPU
		{8E7D4B93-2333-4303-9ED1-DFCA314902D2}.Release|Any CPU.ActiveCfg = Release|Any CPU
		{8E7D4B93-2333-4303-9ED1-DFCA314902D2}.Release|Any CPU.Build.0 = Release|Any CPU
		{35D55EDA-8310-4A98-92E1-5CA86087AFCE}.Debug|Any CPU.ActiveCfg = Debug|Any CPU
		{35D55EDA-8310-4A98-92E1-5CA86087AFCE}.Debug|Any CPU.Build.0 = Debug|Any CPU
		{35D55EDA-8310-4A98-92E1-5CA86087AFCE}.Release|Any CPU.ActiveCfg = Release|Any CPU
		{35D55EDA-8310-4A98-92E1-5CA86087AFCE}.Release|Any CPU.Build.0 = Release|Any CPU
		{31F69DA4-1AC8-4664-8612-E5E93E09154B}.Debug|Any CPU.ActiveCfg = Debug|Any CPU
		{31F69DA4-1AC8-4664-8612-E5E93E09154B}.Debug|Any CPU.Build.0 = Debug|Any CPU
		{31F69DA4-1AC8-4664-8612-E5E93E09154B}.Release|Any CPU.ActiveCfg = Release|Any CPU
		{31F69DA4-1AC8-4664-8612-E5E93E09154B}.Release|Any CPU.Build.0 = Release|Any CPU
		{42362640-E1B1-44A0-9B8E-45D5A15DC75E}.Debug|Any CPU.ActiveCfg = Debug|Any CPU
		{42362640-E1B1-44A0-9B8E-45D5A15DC75E}.Debug|Any CPU.Build.0 = Debug|Any CPU
		{42362640-E1B1-44A0-9B8E-45D5A15DC75E}.Release|Any CPU.ActiveCfg = Release|Any CPU
		{42362640-E1B1-44A0-9B8E-45D5A15DC75E}.Release|Any CPU.Build.0 = Release|Any CPU
	EndGlobalSection
	GlobalSection(SolutionProperties) = preSolution
		HideSolutionNode = FALSE
	EndGlobalSection
	GlobalSection(ExtensibilityGlobals) = postSolution
		SolutionGuid = {CFF68416-2C5C-48E8-9BFA-122D602BF245}
	EndGlobalSection
EndGlobal
